
Microsoft Visual Studio Solution File, Format Version 12.00
# Visual Studio Version 17
VisualStudioVersion = 17.12.35506.116
MinimumVisualStudioVersion = 10.0.40219.1
Project("{2150E333-8FDC-42A3-9474-1A3956D46DE8}") = "Services", "Services", "{9D6E5FC7-04B4-487D-84FB-6516EFCB1CD0}"
EndProject
Project("{2150E333-8FDC-42A3-9474-1A3956D46DE8}") = "Catalog", "Catalog", "{5056A3D8-4912-44C5-AD43-D20525C60F4C}"
EndProject
Project("{FAE04EC0-301F-11D3-BF4B-00C04F79EFBC}") = "Catalog.API", "Catalog.API\Catalog.API.csproj", "{8D189B15-9F42-4724-BB56-E34BFF3C8CFE}"
EndProject
Project("{2150E333-8FDC-42A3-9474-1A3956D46DE8}") = "BuildingBlocks", "BuildingBlocks", "{02CAD493-5E04-4572-820D-1AF3D05BD625}"
EndProject
Project("{FAE04EC0-301F-11D3-BF4B-00C04F79EFBC}") = "BuildingBlocks", "BuildingBlocks\BuildingBlocks\BuildingBlocks.csproj", "{44C4420D-AD72-42CF-99E8-67E0A3FE4244}"
EndProject
Project("{E53339B2-1760-4266-BCC7-CA923CBCF16C}") = "docker-compose", "docker-compose.dcproj", "{7B99327F-5033-42E5-82D0-6F4CFA87B0BD}"
EndProject
Project("{2150E333-8FDC-42A3-9474-1A3956D46DE8}") = "Basket", "Basket", "{E87B9DDF-22BF-4538-B00F-AA1B3A827EC0}"
EndProject
Project("{FAE04EC0-301F-11D3-BF4B-00C04F79EFBC}") = "Basket.API", "Services\Basket\Basket.API\Basket.API.csproj", "{CD5EE661-B710-49D4-ADC1-B694A42D122E}"
EndProject
Project("{2150E333-8FDC-42A3-9474-1A3956D46DE8}") = "Discount", "Discount", "{C27B4B52-0481-4A09-940F-05A25549FC3D}"
EndProject
Project("{FAE04EC0-301F-11D3-BF4B-00C04F79EFBC}") = "Discount.Grpc", "Services\Discount\Discount.Grpc\Discount.Grpc.csproj", "{972FE5BF-0F1C-4C81-8050-01E511557259}"
EndProject
Project("{2150E333-8FDC-42A3-9474-1A3956D46DE8}") = "Ordering", "Ordering", "{B49F82E6-2284-4D8A-A410-887389E80410}"
EndProject
Project("{FAE04EC0-301F-11D3-BF4B-00C04F79EFBC}") = "Ordering.API", "Services\Ordering\Ordering.API\Ordering.API.csproj", "{9BEC72B4-80D7-4DDC-9E90-F71D58B915D7}"
EndProject
Project("{FAE04EC0-301F-11D3-BF4B-00C04F79EFBC}") = "Ordering.Domain", "Services\Ordering\Ordering.Domain\Ordering.Domain.csproj", "{FC63D8BD-266D-4BDF-8A39-758A433C0E0E}"
EndProject
Project("{FAE04EC0-301F-11D3-BF4B-00C04F79EFBC}") = "Ordering.Application", "Services\Ordering\Ordering.Application\Ordering.Application.csproj", "{35117D3F-4206-4909-AF01-33034DFF669C}"
EndProject
Project("{FAE04EC0-301F-11D3-BF4B-00C04F79EFBC}") = "Ordering.Infrastructure", "Services\Ordering\Ordering.Infrastructure\Ordering.Infrastructure.csproj", "{445F23E3-BE44-4342-A692-E5357E170B46}"
EndProject
Project("{FAE04EC0-301F-11D3-BF4B-00C04F79EFBC}") = "BuildingBlocks.Messaging", "BuildingBlocks\BuildingBlocks.Messaging\BuildingBlocks.Messaging.csproj", "{F7238F41-DDD6-40A9-BBDA-FF5724D040D5}"
EndProject
Project("{2150E333-8FDC-42A3-9474-1A3956D46DE8}") = "ApiGateways", "ApiGateways", "{5141BEC8-A040-4AFC-81FB-AFEF7B1E7A6F}"
EndProject
Project("{FAE04EC0-301F-11D3-BF4B-00C04F79EFBC}") = "YarpApiGateway", "ApiGateways\YarpApiGateway\YarpApiGateway.csproj", "{6F47EAD4-FC9D-4AAB-AC73-1A9EC76F5C55}"
EndProject
Global
	GlobalSection(SolutionConfigurationPlatforms) = preSolution
		Debug|Any CPU = Debug|Any CPU
		Release|Any CPU = Release|Any CPU
	EndGlobalSection
	GlobalSection(ProjectConfigurationPlatforms) = postSolution
		{8D189B15-9F42-4724-BB56-E34BFF3C8CFE}.Debug|Any CPU.ActiveCfg = Debug|Any CPU
		{8D189B15-9F42-4724-BB56-E34BFF3C8CFE}.Debug|Any CPU.Build.0 = Debug|Any CPU
		{8D189B15-9F42-4724-BB56-E34BFF3C8CFE}.Release|Any CPU.ActiveCfg = Release|Any CPU
		{8D189B15-9F42-4724-BB56-E34BFF3C8CFE}.Release|Any CPU.Build.0 = Release|Any CPU
		{44C4420D-AD72-42CF-99E8-67E0A3FE4244}.Debug|Any CPU.ActiveCfg = Debug|Any CPU
		{44C4420D-AD72-42CF-99E8-67E0A3FE4244}.Debug|Any CPU.Build.0 = Debug|Any CPU
		{44C4420D-AD72-42CF-99E8-67E0A3FE4244}.Release|Any CPU.ActiveCfg = Release|Any CPU
		{44C4420D-AD72-42CF-99E8-67E0A3FE4244}.Release|Any CPU.Build.0 = Release|Any CPU
		{7B99327F-5033-42E5-82D0-6F4CFA87B0BD}.Debug|Any CPU.ActiveCfg = Debug|Any CPU
		{7B99327F-5033-42E5-82D0-6F4CFA87B0BD}.Debug|Any CPU.Build.0 = Debug|Any CPU
		{7B99327F-5033-42E5-82D0-6F4CFA87B0BD}.Release|Any CPU.ActiveCfg = Release|Any CPU
		{7B99327F-5033-42E5-82D0-6F4CFA87B0BD}.Release|Any CPU.Build.0 = Release|Any CPU
		{CD5EE661-B710-49D4-ADC1-B694A42D122E}.Debug|Any CPU.ActiveCfg = Debug|Any CPU
		{CD5EE661-B710-49D4-ADC1-B694A42D122E}.Debug|Any CPU.Build.0 = Debug|Any CPU
		{CD5EE661-B710-49D4-ADC1-B694A42D122E}.Release|Any CPU.ActiveCfg = Release|Any CPU
		{CD5EE661-B710-49D4-ADC1-B694A42D122E}.Release|Any CPU.Build.0 = Release|Any CPU
		{972FE5BF-0F1C-4C81-8050-01E511557259}.Debug|Any CPU.ActiveCfg = Debug|Any CPU
		{972FE5BF-0F1C-4C81-8050-01E511557259}.Debug|Any CPU.Build.0 = Debug|Any CPU
		{972FE5BF-0F1C-4C81-8050-01E511557259}.Release|Any CPU.ActiveCfg = Release|Any CPU
		{972FE5BF-0F1C-4C81-8050-01E511557259}.Release|Any CPU.Build.0 = Release|Any CPU
		{9BEC72B4-80D7-4DDC-9E90-F71D58B915D7}.Debug|Any CPU.ActiveCfg = Debug|Any CPU
		{9BEC72B4-80D7-4DDC-9E90-F71D58B915D7}.Debug|Any CPU.Build.0 = Debug|Any CPU
		{9BEC72B4-80D7-4DDC-9E90-F71D58B915D7}.Release|Any CPU.ActiveCfg = Release|Any CPU
		{9BEC72B4-80D7-4DDC-9E90-F71D58B915D7}.Release|Any CPU.Build.0 = Release|Any CPU
		{FC63D8BD-266D-4BDF-8A39-758A433C0E0E}.Debug|Any CPU.ActiveCfg = Debug|Any CPU
		{FC63D8BD-266D-4BDF-8A39-758A433C0E0E}.Debug|Any CPU.Build.0 = Debug|Any CPU
		{FC63D8BD-266D-4BDF-8A39-758A433C0E0E}.Release|Any CPU.ActiveCfg = Release|Any CPU
		{FC63D8BD-266D-4BDF-8A39-758A433C0E0E}.Release|Any CPU.Build.0 = Release|Any CPU
		{35117D3F-4206-4909-AF01-33034DFF669C}.Debug|Any CPU.ActiveCfg = Debug|Any CPU
		{35117D3F-4206-4909-AF01-33034DFF669C}.Debug|Any CPU.Build.0 = Debug|Any CPU
		{35117D3F-4206-4909-AF01-33034DFF669C}.Release|Any CPU.ActiveCfg = Release|Any CPU
		{35117D3F-4206-4909-AF01-33034DFF669C}.Release|Any CPU.Build.0 = Release|Any CPU
		{445F23E3-BE44-4342-A692-E5357E170B46}.Debug|Any CPU.ActiveCfg = Debug|Any CPU
		{445F23E3-BE44-4342-A692-E5357E170B46}.Debug|Any CPU.Build.0 = Debug|Any CPU
		{445F23E3-BE44-4342-A692-E5357E170B46}.Release|Any CPU.ActiveCfg = Release|Any CPU
		{445F23E3-BE44-4342-A692-E5357E170B46}.Release|Any CPU.Build.0 = Release|Any CPU
		{F7238F41-DDD6-40A9-BBDA-FF5724D040D5}.Debug|Any CPU.ActiveCfg = Debug|Any CPU
		{F7238F41-DDD6-40A9-BBDA-FF5724D040D5}.Debug|Any CPU.Build.0 = Debug|Any CPU
		{F7238F41-DDD6-40A9-BBDA-FF5724D040D5}.Release|Any CPU.ActiveCfg = Release|Any CPU
		{F7238F41-DDD6-40A9-BBDA-FF5724D040D5}.Release|Any CPU.Build.0 = Release|Any CPU
		{6F47EAD4-FC9D-4AAB-AC73-1A9EC76F5C55}.Debug|Any CPU.ActiveCfg = Debug|Any CPU
		{6F47EAD4-FC9D-4AAB-AC73-1A9EC76F5C55}.Debug|Any CPU.Build.0 = Debug|Any CPU
		{6F47EAD4-FC9D-4AAB-AC73-1A9EC76F5C55}.Release|Any CPU.ActiveCfg = Release|Any CPU
		{6F47EAD4-FC9D-4AAB-AC73-1A9EC76F5C55}.Release|Any CPU.Build.0 = Release|Any CPU
	EndGlobalSection
	GlobalSection(SolutionProperties) = preSolution
		HideSolutionNode = FALSE
	EndGlobalSection
	GlobalSection(NestedProjects) = preSolution
		{5056A3D8-4912-44C5-AD43-D20525C60F4C} = {9D6E5FC7-04B4-487D-84FB-6516EFCB1CD0}
		{8D189B15-9F42-4724-BB56-E34BFF3C8CFE} = {5056A3D8-4912-44C5-AD43-D20525C60F4C}
		{44C4420D-AD72-42CF-99E8-67E0A3FE4244} = {02CAD493-5E04-4572-820D-1AF3D05BD625}
		{E87B9DDF-22BF-4538-B00F-AA1B3A827EC0} = {9D6E5FC7-04B4-487D-84FB-6516EFCB1CD0}
		{CD5EE661-B710-49D4-ADC1-B694A42D122E} = {E87B9DDF-22BF-4538-B00F-AA1B3A827EC0}
		{C27B4B52-0481-4A09-940F-05A25549FC3D} = {9D6E5FC7-04B4-487D-84FB-6516EFCB1CD0}
		{972FE5BF-0F1C-4C81-8050-01E511557259} = {C27B4B52-0481-4A09-940F-05A25549FC3D}
		{B49F82E6-2284-4D8A-A410-887389E80410} = {9D6E5FC7-04B4-487D-84FB-6516EFCB1CD0}
		{9BEC72B4-80D7-4DDC-9E90-F71D58B915D7} = {B49F82E6-2284-4D8A-A410-887389E80410}
		{FC63D8BD-266D-4BDF-8A39-758A433C0E0E} = {B49F82E6-2284-4D8A-A410-887389E80410}
		{35117D3F-4206-4909-AF01-33034DFF669C} = {B49F82E6-2284-4D8A-A410-887389E80410}
		{445F23E3-BE44-4342-A692-E5357E170B46} = {B49F82E6-2284-4D8A-A410-887389E80410}
		{F7238F41-DDD6-40A9-BBDA-FF5724D040D5} = {02CAD493-5E04-4572-820D-1AF3D05BD625}
		{6F47EAD4-FC9D-4AAB-AC73-1A9EC76F5C55} = {5141BEC8-A040-4AFC-81FB-AFEF7B1E7A6F}
	EndGlobalSection
EndGlobal
